{
  "name": "@flancer64/tg-wa-blog-post",
  "version": "0.1.0",
  "lockfileVersion": 3,
  "requires": true,
  "packages": {
    "": {
      "name": "@flancer64/tg-wa-blog-post",
      "version": "0.1.0",
      "dependencies": {
        "@teqfw/di": "^2.0.0"
      }
    },
    "node_modules/@teqfw/di": {
      "version": "2.0.0",
      "resolved": "https://registry.npmjs.org/@teqfw/di/-/di-2.0.0.tgz",
      "integrity": "sha512-hSCzqjOG2LRxcVDFIR07cJ4dxb4c+OGZM+ciqO57c+xha3Uo4dQ4CJG95RUPx4kbnsnKRCgvo8WC1erO8dP4nQ==",
      "license": "Apache-2.0",
      "engines": {
        "node": ">=20"
      },
      "funding": {
        "type": "individual",
        "url": "https://github.com/sponsors/teqfw"
      }
    }
  }
}
