{
  "name": "@flancer64/tg-wa-blog-post",
  "version": "0.1.0",
  "lockfileVersion": 3,
  "requires": true,
  "packages": {
    "": {
      "name": "@flancer64/tg-wa-blog-post",
      "version": "0.1.0",
      "dependencies": {
        "@teqfw/di": "^2.0.4"
      }
    },
    "node_modules/@teqfw/di": {
      "version": "2.2.0",
      "resolved": "https://registry.npmjs.org/@teqfw/di/-/di-2.2.0.tgz",
      "integrity": "sha512-0Hz/9ge5zTg3JWY64j2b3ktYwRKA5ASJVyXTQ8V4K44qUhdkH/S/Br5A8VRT21wHgbbTSNmO1TeqtuvrwbZFdg==",
      "license": "Apache-2.0",
      "engines": {
        "node": ">=20"
      },
      "funding": {
        "type": "individual",
        "url": "https://github.com/sponsors/teqfw"
      }
    }
  }
}
