{
  "name": "@flancer64/tg-wa-blog-post",
  "version": "0.1.0",
  "lockfileVersion": 3,
  "requires": true,
  "packages": {
    "": {
      "name": "@flancer64/tg-wa-blog-post",
      "version": "0.1.0",
      "dependencies": {
        "@teqfw/di": "^2"
      }
    },
    "node_modules/@teqfw/di": {
      "version": "2.5.1",
      "resolved": "https://registry.npmjs.org/@teqfw/di/-/di-2.5.1.tgz",
      "integrity": "sha512-y6kJl/g8ljn29B6s7F+8lifjRbINl06wLTSs6lvOnwueNOqNeGRg1hM7MEbQ8dggZVz7xPlGWV8DZnU0vWG/gA==",
      "license": "Apache-2.0",
      "engines": {
        "node": ">=20"
      },
      "funding": {
        "type": "individual",
        "url": "https://github.com/sponsors/teqfw"
      }
    }
  }
}
